
Microsoft Visual Studio Solution File, Format Version 12.00
# Visual Studio Version 17
VisualStudioVersion = 17.10.35004.147
MinimumVisualStudioVersion = 10.0.40219.1
Project("{FAE04EC0-301F-11D3-BF4B-00C04F79EFBC}") = "Sprint3Dotnet", "Sprint3Dotnet\Sprint3Dotnet.csproj", "{D90155D7-C5A0-4D28-8CC2-FEC0459026F3}"
EndProject
Global
	GlobalSection(SolutionConfigurationPlatforms) = preSolution
		Debug|Any CPU = Debug|Any CPU
		Release|Any CPU = Release|Any CPU
	EndGlobalSection
	GlobalSection(ProjectConfigurationPlatforms) = postSolution
		{D90155D7-C5A0-4D28-8CC2-FEC0459026F3}.Debug|Any CPU.ActiveCfg = Debug|Any CPU
		{D90155D7-C5A0-4D28-8CC2-FEC0459026F3}.Debug|Any CPU.Build.0 = Debug|Any CPU
		{D90155D7-C5A0-4D28-8CC2-FEC0459026F3}.Release|Any CPU.ActiveCfg = Release|Any CPU
		{D90155D7-C5A0-4D28-8CC2-FEC0459026F3}.Release|Any CPU.Build.0 = Release|Any CPU
	EndGlobalSection
	GlobalSection(SolutionProperties) = preSolution
		HideSolutionNode = FALSE
	EndGlobalSection
	GlobalSection(ExtensibilityGlobals) = postSolution
		SolutionGuid = {4D5BCB8A-B737-451F-AB81-638F2582E793}
	EndGlobalSection
EndGlobal
